
Microsoft Visual Studio Solution File, Format Version 12.00
# Visual Studio 2012
Project("{FAE04EC0-301F-11D3-BF4B-00C04F79EFBC}") = "CatalogService", "CatalogService\CatalogService.csproj", "{83B8800D-9093-4F71-97CC-5AEDC4A5694A}"
EndProject
Project("{FAE04EC0-301F-11D3-BF4B-00C04F79EFBC}") = "OrderService", "OrderService\OrderService.csproj", "{0C7AD5D7-25FF-4235-AF9E-0385C0A83E54}"
EndProject
Project("{FAE04EC0-301F-11D3-BF4B-00C04F79EFBC}") = "MarketingService", "MarketingService\MarketingService.csproj", "{88A78037-AAE0-4E15-A67D-42083E21F8CB}"
EndProject
Project("{FAE04EC0-301F-11D3-BF4B-00C04F79EFBC}") = "ProfileService", "ProfileService\ProfileService.csproj", "{4926272B-69D2-4D37-9D8E-465402E7B78D}"
EndProject
Project("{FAE04EC0-301F-11D3-BF4B-00C04F79EFBC}") = "Domain", "Domain\Domain.csproj", "{5780559B-CECA-40B1-8195-EF3802F00458}"
EndProject
Project("{FAE04EC0-301F-11D3-BF4B-00C04F79EFBC}") = "DataContract", "DataContract\DataContract.csproj", "{4B11AC0B-5AA7-49B8-BC1F-B85443C866A7}"
EndProject
Project("{FAE04EC0-301F-11D3-BF4B-00C04F79EFBC}") = "ServiceContract", "ServiceContract\ServiceContract.csproj", "{A6D3E050-E859-4D29-A0C4-572269D709EB}"
EndProject
Project("{FAE04EC0-301F-11D3-BF4B-00C04F79EFBC}") = "DataAccess", "DataAccess\DataAccess.csproj", "{7E9E0FC1-89A5-4DCB-B4D4-05A3E200E782}"
EndProject
Project("{2150E333-8FDC-42A3-9474-1A3956D46DE8}") = "Soap", "Soap", "{8798242D-049D-495C-805B-7FE4DDD4B9B2}"
EndProject
Project("{2150E333-8FDC-42A3-9474-1A3956D46DE8}") = "Rest", "Rest", "{7296E6D4-EE59-4112-9D6F-7FBB2D59EA2F}"
EndProject
Project("{2150E333-8FDC-42A3-9474-1A3956D46DE8}") = "Contract", "Contract", "{122EB284-A998-4BE2-A488-FFF9CF6596A5}"
EndProject
Project("{2150E333-8FDC-42A3-9474-1A3956D46DE8}") = "Contract", "Contract", "{EB508B4A-C32A-4BF2-BE29-06F0B5929AE5}"
EndProject
Project("{FAE04EC0-301F-11D3-BF4B-00C04F79EFBC}") = "Facade", "Facade\Facade.csproj", "{88E4CA45-2A3E-485D-B73F-07B204FC14AD}"
EndProject
Project("{FAE04EC0-301F-11D3-BF4B-00C04F79EFBC}") = "Interface", "Interface\Interface.csproj", "{169DB656-DD27-455C-9082-3DB6ADA7A114}"
EndProject
Project("{FAE04EC0-301F-11D3-BF4B-00C04F79EFBC}") = "Exception", "Exception\Exception.csproj", "{CD053B16-0F96-439B-9101-10B0BAF93F53}"
EndProject
Project("{FAE04EC0-301F-11D3-BF4B-00C04F79EFBC}") = "Validation", "Validation\Validation.csproj", "{ACF7BAF3-2886-4A79-B7F7-38080ADC1A21}"
EndProject
Project("{2150E333-8FDC-42A3-9474-1A3956D46DE8}") = "Common", "Common", "{C9D7EA81-9D64-4800-BA67-EE973F62F255}"
EndProject
Project("{2150E333-8FDC-42A3-9474-1A3956D46DE8}") = "Service", "Service", "{9E8B9BA4-BDBE-4CE0-AD87-0E418E7169D0}"
EndProject
Project("{2150E333-8FDC-42A3-9474-1A3956D46DE8}") = "Api", "Api", "{7A19B5E0-EEE8-4E86-BF76-94C88C9F2C94}"
EndProject
Project("{2150E333-8FDC-42A3-9474-1A3956D46DE8}") = "Data", "Data", "{F2356D6B-F01D-403F-858C-CCAF60433CD4}"
EndProject
Project("{2150E333-8FDC-42A3-9474-1A3956D46DE8}") = "Application", "Application", "{ECD6F073-4128-4A6E-8162-C8EBCF41027C}"
EndProject
Global
	GlobalSection(SolutionConfigurationPlatforms) = preSolution
		Debug|Any CPU = Debug|Any CPU
		Release|Any CPU = Release|Any CPU
	EndGlobalSection
	GlobalSection(ProjectConfigurationPlatforms) = postSolution
		{83B8800D-9093-4F71-97CC-5AEDC4A5694A}.Debug|Any CPU.ActiveCfg = Debug|Any CPU
		{83B8800D-9093-4F71-97CC-5AEDC4A5694A}.Debug|Any CPU.Build.0 = Debug|Any CPU
		{83B8800D-9093-4F71-97CC-5AEDC4A5694A}.Release|Any CPU.ActiveCfg = Release|Any CPU
		{83B8800D-9093-4F71-97CC-5AEDC4A5694A}.Release|Any CPU.Build.0 = Release|Any CPU
		{0C7AD5D7-25FF-4235-AF9E-0385C0A83E54}.Debug|Any CPU.ActiveCfg = Debug|Any CPU
		{0C7AD5D7-25FF-4235-AF9E-0385C0A83E54}.Debug|Any CPU.Build.0 = Debug|Any CPU
		{0C7AD5D7-25FF-4235-AF9E-0385C0A83E54}.Release|Any CPU.ActiveCfg = Release|Any CPU
		{0C7AD5D7-25FF-4235-AF9E-0385C0A83E54}.Release|Any CPU.Build.0 = Release|Any CPU
		{88A78037-AAE0-4E15-A67D-42083E21F8CB}.Debug|Any CPU.ActiveCfg = Debug|Any CPU
		{88A78037-AAE0-4E15-A67D-42083E21F8CB}.Debug|Any CPU.Build.0 = Debug|Any CPU
		{88A78037-AAE0-4E15-A67D-42083E21F8CB}.Release|Any CPU.ActiveCfg = Release|Any CPU
		{88A78037-AAE0-4E15-A67D-42083E21F8CB}.Release|Any CPU.Build.0 = Release|Any CPU
		{4926272B-69D2-4D37-9D8E-465402E7B78D}.Debug|Any CPU.ActiveCfg = Debug|Any CPU
		{4926272B-69D2-4D37-9D8E-465402E7B78D}.Debug|Any CPU.Build.0 = Debug|Any CPU
		{4926272B-69D2-4D37-9D8E-465402E7B78D}.Release|Any CPU.ActiveCfg = Release|Any CPU
		{4926272B-69D2-4D37-9D8E-465402E7B78D}.Release|Any CPU.Build.0 = Release|Any CPU
		{5780559B-CECA-40B1-8195-EF3802F00458}.Debug|Any CPU.ActiveCfg = Debug|Any CPU
		{5780559B-CECA-40B1-8195-EF3802F00458}.Debug|Any CPU.Build.0 = Debug|Any CPU
		{5780559B-CECA-40B1-8195-EF3802F00458}.Release|Any CPU.ActiveCfg = Release|Any CPU
		{5780559B-CECA-40B1-8195-EF3802F00458}.Release|Any CPU.Build.0 = Release|Any CPU
		{4B11AC0B-5AA7-49B8-BC1F-B85443C866A7}.Debug|Any CPU.ActiveCfg = Debug|Any CPU
		{4B11AC0B-5AA7-49B8-BC1F-B85443C866A7}.Debug|Any CPU.Build.0 = Debug|Any CPU
		{4B11AC0B-5AA7-49B8-BC1F-B85443C866A7}.Release|Any CPU.ActiveCfg = Release|Any CPU
		{4B11AC0B-5AA7-49B8-BC1F-B85443C866A7}.Release|Any CPU.Build.0 = Release|Any CPU
		{A6D3E050-E859-4D29-A0C4-572269D709EB}.Debug|Any CPU.ActiveCfg = Debug|Any CPU
		{A6D3E050-E859-4D29-A0C4-572269D709EB}.Debug|Any CPU.Build.0 = Debug|Any CPU
		{A6D3E050-E859-4D29-A0C4-572269D709EB}.Release|Any CPU.ActiveCfg = Release|Any CPU
		{A6D3E050-E859-4D29-A0C4-572269D709EB}.Release|Any CPU.Build.0 = Release|Any CPU
		{7E9E0FC1-89A5-4DCB-B4D4-05A3E200E782}.Debug|Any CPU.ActiveCfg = Debug|Any CPU
		{7E9E0FC1-89A5-4DCB-B4D4-05A3E200E782}.Debug|Any CPU.Build.0 = Debug|Any CPU
		{7E9E0FC1-89A5-4DCB-B4D4-05A3E200E782}.Release|Any CPU.ActiveCfg = Release|Any CPU
		{7E9E0FC1-89A5-4DCB-B4D4-05A3E200E782}.Release|Any CPU.Build.0 = Release|Any CPU
		{88E4CA45-2A3E-485D-B73F-07B204FC14AD}.Debug|Any CPU.ActiveCfg = Debug|Any CPU
		{88E4CA45-2A3E-485D-B73F-07B204FC14AD}.Debug|Any CPU.Build.0 = Debug|Any CPU
		{88E4CA45-2A3E-485D-B73F-07B204FC14AD}.Release|Any CPU.ActiveCfg = Release|Any CPU
		{88E4CA45-2A3E-485D-B73F-07B204FC14AD}.Release|Any CPU.Build.0 = Release|Any CPU
		{169DB656-DD27-455C-9082-3DB6ADA7A114}.Debug|Any CPU.ActiveCfg = Debug|Any CPU
		{169DB656-DD27-455C-9082-3DB6ADA7A114}.Debug|Any CPU.Build.0 = Debug|Any CPU
		{169DB656-DD27-455C-9082-3DB6ADA7A114}.Release|Any CPU.ActiveCfg = Release|Any CPU
		{169DB656-DD27-455C-9082-3DB6ADA7A114}.Release|Any CPU.Build.0 = Release|Any CPU
		{CD053B16-0F96-439B-9101-10B0BAF93F53}.Debug|Any CPU.ActiveCfg = Debug|Any CPU
		{CD053B16-0F96-439B-9101-10B0BAF93F53}.Debug|Any CPU.Build.0 = Debug|Any CPU
		{CD053B16-0F96-439B-9101-10B0BAF93F53}.Release|Any CPU.ActiveCfg = Release|Any CPU
		{CD053B16-0F96-439B-9101-10B0BAF93F53}.Release|Any CPU.Build.0 = Release|Any CPU
		{ACF7BAF3-2886-4A79-B7F7-38080ADC1A21}.Debug|Any CPU.ActiveCfg = Debug|Any CPU
		{ACF7BAF3-2886-4A79-B7F7-38080ADC1A21}.Debug|Any CPU.Build.0 = Debug|Any CPU
		{ACF7BAF3-2886-4A79-B7F7-38080ADC1A21}.Release|Any CPU.ActiveCfg = Release|Any CPU
		{ACF7BAF3-2886-4A79-B7F7-38080ADC1A21}.Release|Any CPU.Build.0 = Release|Any CPU
	EndGlobalSection
	GlobalSection(SolutionProperties) = preSolution
		HideSolutionNode = FALSE
	EndGlobalSection
	GlobalSection(NestedProjects) = preSolution
		{83B8800D-9093-4F71-97CC-5AEDC4A5694A} = {8798242D-049D-495C-805B-7FE4DDD4B9B2}
		{88A78037-AAE0-4E15-A67D-42083E21F8CB} = {8798242D-049D-495C-805B-7FE4DDD4B9B2}
		{0C7AD5D7-25FF-4235-AF9E-0385C0A83E54} = {8798242D-049D-495C-805B-7FE4DDD4B9B2}
		{4926272B-69D2-4D37-9D8E-465402E7B78D} = {8798242D-049D-495C-805B-7FE4DDD4B9B2}
		{122EB284-A998-4BE2-A488-FFF9CF6596A5} = {8798242D-049D-495C-805B-7FE4DDD4B9B2}
		{EB508B4A-C32A-4BF2-BE29-06F0B5929AE5} = {7296E6D4-EE59-4112-9D6F-7FBB2D59EA2F}
		{4B11AC0B-5AA7-49B8-BC1F-B85443C866A7} = {122EB284-A998-4BE2-A488-FFF9CF6596A5}
		{A6D3E050-E859-4D29-A0C4-572269D709EB} = {122EB284-A998-4BE2-A488-FFF9CF6596A5}
		{5780559B-CECA-40B1-8195-EF3802F00458} = {C9D7EA81-9D64-4800-BA67-EE973F62F255}
		{CD053B16-0F96-439B-9101-10B0BAF93F53} = {C9D7EA81-9D64-4800-BA67-EE973F62F255}
		{169DB656-DD27-455C-9082-3DB6ADA7A114} = {C9D7EA81-9D64-4800-BA67-EE973F62F255}
		{7296E6D4-EE59-4112-9D6F-7FBB2D59EA2F} = {9E8B9BA4-BDBE-4CE0-AD87-0E418E7169D0}
		{8798242D-049D-495C-805B-7FE4DDD4B9B2} = {9E8B9BA4-BDBE-4CE0-AD87-0E418E7169D0}
		{88E4CA45-2A3E-485D-B73F-07B204FC14AD} = {7A19B5E0-EEE8-4E86-BF76-94C88C9F2C94}
		{ACF7BAF3-2886-4A79-B7F7-38080ADC1A21} = {7A19B5E0-EEE8-4E86-BF76-94C88C9F2C94}
		{7E9E0FC1-89A5-4DCB-B4D4-05A3E200E782} = {F2356D6B-F01D-403F-858C-CCAF60433CD4}
	EndGlobalSection
EndGlobal
