
Microsoft Visual Studio Solution File, Format Version 12.00
# Visual Studio 2012
Project("{FAE04EC0-301F-11D3-BF4B-00C04F79EFBC}") = "CatalogService", "CatalogService\CatalogService.csproj", "{83B8800D-9093-4F71-97CC-5AEDC4A5694A}"
EndProject
Project("{FAE04EC0-301F-11D3-BF4B-00C04F79EFBC}") = "OrderService", "OrderService\OrderService.csproj", "{0C7AD5D7-25FF-4235-AF9E-0385C0A83E54}"
EndProject
Project("{FAE04EC0-301F-11D3-BF4B-00C04F79EFBC}") = "MarketingService", "MarketingService\MarketingService.csproj", "{88A78037-AAE0-4E15-A67D-42083E21F8CB}"
EndProject
Project("{FAE04EC0-301F-11D3-BF4B-00C04F79EFBC}") = "ProfileService", "ProfileService\ProfileService.csproj", "{4926272B-69D2-4D37-9D8E-465402E7B78D}"
EndProject
Project("{FAE04EC0-301F-11D3-BF4B-00C04F79EFBC}") = "Domain", "Domain\Domain.csproj", "{5780559B-CECA-40B1-8195-EF3802F00458}"
EndProject
Project("{FAE04EC0-301F-11D3-BF4B-00C04F79EFBC}") = "DataContract", "DataContract\DataContract.csproj", "{4B11AC0B-5AA7-49B8-BC1F-B85443C866A7}"
EndProject
Project("{FAE04EC0-301F-11D3-BF4B-00C04F79EFBC}") = "ServiceContract", "ServiceContract\ServiceContract.csproj", "{A6D3E050-E859-4D29-A0C4-572269D709EB}"
EndProject
Project("{2150E333-8FDC-42A3-9474-1A3956D46DE8}") = "Contract", "Contract", "{6A7D2F44-839E-4B54-ABF9-F1759B31BF87}"
EndProject
Project("{2150E333-8FDC-42A3-9474-1A3956D46DE8}") = "Services", "Services", "{C51040E8-2A1B-4834-AC97-A170DC604C93}"
EndProject
Project("{2150E333-8FDC-42A3-9474-1A3956D46DE8}") = "Data", "Data", "{73ED0237-3EB0-4DB5-9AE6-BBA0DA23920C}"
EndProject
Project("{FAE04EC0-301F-11D3-BF4B-00C04F79EFBC}") = "DataAccess", "DataAccess\DataAccess.csproj", "{7E9E0FC1-89A5-4DCB-B4D4-05A3E200E782}"
EndProject
Global
	GlobalSection(SolutionConfigurationPlatforms) = preSolution
		Debug|Any CPU = Debug|Any CPU
		Release|Any CPU = Release|Any CPU
	EndGlobalSection
	GlobalSection(ProjectConfigurationPlatforms) = postSolution
		{83B8800D-9093-4F71-97CC-5AEDC4A5694A}.Debug|Any CPU.ActiveCfg = Debug|Any CPU
		{83B8800D-9093-4F71-97CC-5AEDC4A5694A}.Debug|Any CPU.Build.0 = Debug|Any CPU
		{83B8800D-9093-4F71-97CC-5AEDC4A5694A}.Release|Any CPU.ActiveCfg = Release|Any CPU
		{83B8800D-9093-4F71-97CC-5AEDC4A5694A}.Release|Any CPU.Build.0 = Release|Any CPU
		{0C7AD5D7-25FF-4235-AF9E-0385C0A83E54}.Debug|Any CPU.ActiveCfg = Debug|Any CPU
		{0C7AD5D7-25FF-4235-AF9E-0385C0A83E54}.Debug|Any CPU.Build.0 = Debug|Any CPU
		{0C7AD5D7-25FF-4235-AF9E-0385C0A83E54}.Release|Any CPU.ActiveCfg = Release|Any CPU
		{0C7AD5D7-25FF-4235-AF9E-0385C0A83E54}.Release|Any CPU.Build.0 = Release|Any CPU
		{88A78037-AAE0-4E15-A67D-42083E21F8CB}.Debug|Any CPU.ActiveCfg = Debug|Any CPU
		{88A78037-AAE0-4E15-A67D-42083E21F8CB}.Debug|Any CPU.Build.0 = Debug|Any CPU
		{88A78037-AAE0-4E15-A67D-42083E21F8CB}.Release|Any CPU.ActiveCfg = Release|Any CPU
		{88A78037-AAE0-4E15-A67D-42083E21F8CB}.Release|Any CPU.Build.0 = Release|Any CPU
		{4926272B-69D2-4D37-9D8E-465402E7B78D}.Debug|Any CPU.ActiveCfg = Debug|Any CPU
		{4926272B-69D2-4D37-9D8E-465402E7B78D}.Debug|Any CPU.Build.0 = Debug|Any CPU
		{4926272B-69D2-4D37-9D8E-465402E7B78D}.Release|Any CPU.ActiveCfg = Release|Any CPU
		{4926272B-69D2-4D37-9D8E-465402E7B78D}.Release|Any CPU.Build.0 = Release|Any CPU
		{5780559B-CECA-40B1-8195-EF3802F00458}.Debug|Any CPU.ActiveCfg = Debug|Any CPU
		{5780559B-CECA-40B1-8195-EF3802F00458}.Debug|Any CPU.Build.0 = Debug|Any CPU
		{5780559B-CECA-40B1-8195-EF3802F00458}.Release|Any CPU.ActiveCfg = Release|Any CPU
		{5780559B-CECA-40B1-8195-EF3802F00458}.Release|Any CPU.Build.0 = Release|Any CPU
		{4B11AC0B-5AA7-49B8-BC1F-B85443C866A7}.Debug|Any CPU.ActiveCfg = Debug|Any CPU
		{4B11AC0B-5AA7-49B8-BC1F-B85443C866A7}.Debug|Any CPU.Build.0 = Debug|Any CPU
		{4B11AC0B-5AA7-49B8-BC1F-B85443C866A7}.Release|Any CPU.ActiveCfg = Release|Any CPU
		{4B11AC0B-5AA7-49B8-BC1F-B85443C866A7}.Release|Any CPU.Build.0 = Release|Any CPU
		{A6D3E050-E859-4D29-A0C4-572269D709EB}.Debug|Any CPU.ActiveCfg = Debug|Any CPU
		{A6D3E050-E859-4D29-A0C4-572269D709EB}.Debug|Any CPU.Build.0 = Debug|Any CPU
		{A6D3E050-E859-4D29-A0C4-572269D709EB}.Release|Any CPU.ActiveCfg = Release|Any CPU
		{A6D3E050-E859-4D29-A0C4-572269D709EB}.Release|Any CPU.Build.0 = Release|Any CPU
		{7E9E0FC1-89A5-4DCB-B4D4-05A3E200E782}.Debug|Any CPU.ActiveCfg = Debug|Any CPU
		{7E9E0FC1-89A5-4DCB-B4D4-05A3E200E782}.Debug|Any CPU.Build.0 = Debug|Any CPU
		{7E9E0FC1-89A5-4DCB-B4D4-05A3E200E782}.Release|Any CPU.ActiveCfg = Release|Any CPU
		{7E9E0FC1-89A5-4DCB-B4D4-05A3E200E782}.Release|Any CPU.Build.0 = Release|Any CPU
	EndGlobalSection
	GlobalSection(SolutionProperties) = preSolution
		HideSolutionNode = FALSE
	EndGlobalSection
	GlobalSection(NestedProjects) = preSolution
		{4B11AC0B-5AA7-49B8-BC1F-B85443C866A7} = {6A7D2F44-839E-4B54-ABF9-F1759B31BF87}
		{A6D3E050-E859-4D29-A0C4-572269D709EB} = {6A7D2F44-839E-4B54-ABF9-F1759B31BF87}
		{4926272B-69D2-4D37-9D8E-465402E7B78D} = {C51040E8-2A1B-4834-AC97-A170DC604C93}
		{0C7AD5D7-25FF-4235-AF9E-0385C0A83E54} = {C51040E8-2A1B-4834-AC97-A170DC604C93}
		{88A78037-AAE0-4E15-A67D-42083E21F8CB} = {C51040E8-2A1B-4834-AC97-A170DC604C93}
		{83B8800D-9093-4F71-97CC-5AEDC4A5694A} = {C51040E8-2A1B-4834-AC97-A170DC604C93}
		{5780559B-CECA-40B1-8195-EF3802F00458} = {73ED0237-3EB0-4DB5-9AE6-BBA0DA23920C}
		{7E9E0FC1-89A5-4DCB-B4D4-05A3E200E782} = {73ED0237-3EB0-4DB5-9AE6-BBA0DA23920C}
	EndGlobalSection
EndGlobal
